
Microsoft Visual Studio Solution File, Format Version 12.00
# Visual Studio Version 16
VisualStudioVersion = 16.0.30804.86
MinimumVisualStudioVersion = 10.0.40219.1
Project("{930C7802-8A8C-48F9-8165-68863BCCD9DD}") = "Sprightly", "Sprightly.Setup\Sprightly.wixproj", "{D853D43A-BB22-4A7F-A387-69D5F037AC77}"
EndProject
Global
	GlobalSection(SolutionConfigurationPlatforms) = preSolution
		Debug|x86 = Debug|x86
		Release|x86 = Release|x86
	EndGlobalSection
	GlobalSection(ProjectConfigurationPlatforms) = postSolution
		{D853D43A-BB22-4A7F-A387-69D5F037AC77}.Debug|x86.ActiveCfg = Debug|x86
		{D853D43A-BB22-4A7F-A387-69D5F037AC77}.Debug|x86.Build.0 = Debug|x86
		{D853D43A-BB22-4A7F-A387-69D5F037AC77}.Release|x86.ActiveCfg = Release|x86
		{D853D43A-BB22-4A7F-A387-69D5F037AC77}.Release|x86.Build.0 = Release|x86
	EndGlobalSection
	GlobalSection(SolutionProperties) = preSolution
		HideSolutionNode = FALSE
	EndGlobalSection
	GlobalSection(ExtensibilityGlobals) = postSolution
		SolutionGuid = {7A0E3FE7-18C8-4C27-861D-075F7CD6DAA3}
	EndGlobalSection
EndGlobal
